
Microsoft Visual Studio Solution File, Format Version 12.00
# Visual Studio Version 17
VisualStudioVersion = 17.0.32112.339
MinimumVisualStudioVersion = 10.0.40219.1
Project("{FAE04EC0-301F-11D3-BF4B-00C04F79EFBC}") = "Vight Univerter.UWP", "Vight Univerter.UWP\Vight Univerter.UWP.csproj", "{48CA7DD3-CFDE-419B-90CA-CF54DEF087D1}"
EndProject
Project("{FAE04EC0-301F-11D3-BF4B-00C04F79EFBC}") = "Vight Univerter.Android", "Vight Univerter.Android\Vight Univerter.Android.csproj", "{C2F0FBF8-D909-4626-815C-C420B7EDF97C}"
EndProject
Project("{FAE04EC0-301F-11D3-BF4B-00C04F79EFBC}") = "Vight Univerter.iOS", "Vight Univerter.iOS\Vight Univerter.iOS.csproj", "{1135DD73-AA1C-47EC-A23E-112B8A0994EE}"
EndProject
Project("{9A19103F-16F7-4668-BE54-9A1E7A4F7556}") = "Vight Univerter", "Vight Univerter\Vight Univerter.csproj", "{D6B5BBE9-0897-49AC-90E3-B477627D1BB9}"
EndProject
Global
	GlobalSection(SolutionConfigurationPlatforms) = preSolution
		Debug|Any CPU = Debug|Any CPU
		Debug|ARM = Debug|ARM
		Debug|iPhone = Debug|iPhone
		Debug|iPhoneSimulator = Debug|iPhoneSimulator
		Debug|x64 = Debug|x64
		Debug|x86 = Debug|x86
		Release|Any CPU = Release|Any CPU
		Release|ARM = Release|ARM
		Release|iPhone = Release|iPhone
		Release|iPhoneSimulator = Release|iPhoneSimulator
		Release|x64 = Release|x64
		Release|x86 = Release|x86
	EndGlobalSection
	GlobalSection(ProjectConfigurationPlatforms) = postSolution
		{48CA7DD3-CFDE-419B-90CA-CF54DEF087D1}.Debug|Any CPU.ActiveCfg = Debug|x86
		{48CA7DD3-CFDE-419B-90CA-CF54DEF087D1}.Debug|Any CPU.Build.0 = Debug|x86
		{48CA7DD3-CFDE-419B-90CA-CF54DEF087D1}.Debug|Any CPU.Deploy.0 = Debug|x86
		{48CA7DD3-CFDE-419B-90CA-CF54DEF087D1}.Debug|ARM.ActiveCfg = Debug|ARM
		{48CA7DD3-CFDE-419B-90CA-CF54DEF087D1}.Debug|ARM.Build.0 = Debug|ARM
		{48CA7DD3-CFDE-419B-90CA-CF54DEF087D1}.Debug|ARM.Deploy.0 = Debug|ARM
		{48CA7DD3-CFDE-419B-90CA-CF54DEF087D1}.Debug|iPhone.ActiveCfg = Debug|x86
		{48CA7DD3-CFDE-419B-90CA-CF54DEF087D1}.Debug|iPhone.Build.0 = Debug|x86
		{48CA7DD3-CFDE-419B-90CA-CF54DEF087D1}.Debug|iPhone.Deploy.0 = Debug|x86
		{48CA7DD3-CFDE-419B-90CA-CF54DEF087D1}.Debug|iPhoneSimulator.ActiveCfg = Debug|x86
		{48CA7DD3-CFDE-419B-90CA-CF54DEF087D1}.Debug|iPhoneSimulator.Build.0 = Debug|x86
		{48CA7DD3-CFDE-419B-90CA-CF54DEF087D1}.Debug|iPhoneSimulator.Deploy.0 = Debug|x86
		{48CA7DD3-CFDE-419B-90CA-CF54DEF087D1}.Debug|x64.ActiveCfg = Debug|x64
		{48CA7DD3-CFDE-419B-90CA-CF54DEF087D1}.Debug|x64.Build.0 = Debug|x64
		{48CA7DD3-CFDE-419B-90CA-CF54DEF087D1}.Debug|x64.Deploy.0 = Debug|x64
		{48CA7DD3-CFDE-419B-90CA-CF54DEF087D1}.Debug|x86.ActiveCfg = Debug|x86
		{48CA7DD3-CFDE-419B-90CA-CF54DEF087D1}.Debug|x86.Build.0 = Debug|x86
		{48CA7DD3-CFDE-419B-90CA-CF54DEF087D1}.Debug|x86.Deploy.0 = Debug|x86
		{48CA7DD3-CFDE-419B-90CA-CF54DEF087D1}.Release|Any CPU.ActiveCfg = Release|x86
		{48CA7DD3-CFDE-419B-90CA-CF54DEF087D1}.Release|Any CPU.Build.0 = Release|x86
		{48CA7DD3-CFDE-419B-90CA-CF54DEF087D1}.Release|Any CPU.Deploy.0 = Release|x86
		{48CA7DD3-CFDE-419B-90CA-CF54DEF087D1}.Release|ARM.ActiveCfg = Release|ARM
		{48CA7DD3-CFDE-419B-90CA-CF54DEF087D1}.Release|ARM.Build.0 = Release|ARM
		{48CA7DD3-CFDE-419B-90CA-CF54DEF087D1}.Release|ARM.Deploy.0 = Release|ARM
		{48CA7DD3-CFDE-419B-90CA-CF54DEF087D1}.Release|iPhone.ActiveCfg = Release|x86
		{48CA7DD3-CFDE-419B-90CA-CF54DEF087D1}.Release|iPhone.Build.0 = Release|x86
		{48CA7DD3-CFDE-419B-90CA-CF54DEF087D1}.Release|iPhone.Deploy.0 = Release|x86
		{48CA7DD3-CFDE-419B-90CA-CF54DEF087D1}.Release|iPhoneSimulator.ActiveCfg = Release|x86
		{48CA7DD3-CFDE-419B-90CA-CF54DEF087D1}.Release|iPhoneSimulator.Build.0 = Release|x86
		{48CA7DD3-CFDE-419B-90CA-CF54DEF087D1}.Release|iPhoneSimulator.Deploy.0 = Release|x86
		{48CA7DD3-CFDE-419B-90CA-CF54DEF087D1}.Release|x64.ActiveCfg = Release|x64
		{48CA7DD3-CFDE-419B-90CA-CF54DEF087D1}.Release|x64.Build.0 = Release|x64
		{48CA7DD3-CFDE-419B-90CA-CF54DEF087D1}.Release|x64.Deploy.0 = Release|x64
		{48CA7DD3-CFDE-419B-90CA-CF54DEF087D1}.Release|x86.ActiveCfg = Release|x86
		{48CA7DD3-CFDE-419B-90CA-CF54DEF087D1}.Release|x86.Build.0 = Release|x86
		{48CA7DD3-CFDE-419B-90CA-CF54DEF087D1}.Release|x86.Deploy.0 = Release|x86
		{C2F0FBF8-D909-4626-815C-C420B7EDF97C}.Debug|Any CPU.ActiveCfg = Debug|Any CPU
		{C2F0FBF8-D909-4626-815C-C420B7EDF97C}.Debug|Any CPU.Build.0 = Debug|Any CPU
		{C2F0FBF8-D909-4626-815C-C420B7EDF97C}.Debug|Any CPU.Deploy.0 = Debug|Any CPU
		{C2F0FBF8-D909-4626-815C-C420B7EDF97C}.Debug|ARM.ActiveCfg = Debug|Any CPU
		{C2F0FBF8-D909-4626-815C-C420B7EDF97C}.Debug|ARM.Build.0 = Debug|Any CPU
		{C2F0FBF8-D909-4626-815C-C420B7EDF97C}.Debug|ARM.Deploy.0 = Debug|Any CPU
		{C2F0FBF8-D909-4626-815C-C420B7EDF97C}.Debug|iPhone.ActiveCfg = Debug|Any CPU
		{C2F0FBF8-D909-4626-815C-C420B7EDF97C}.Debug|iPhone.Build.0 = Debug|Any CPU
		{C2F0FBF8-D909-4626-815C-C420B7EDF97C}.Debug|iPhone.Deploy.0 = Debug|Any CPU
		{C2F0FBF8-D909-4626-815C-C420B7EDF97C}.Debug|iPhoneSimulator.ActiveCfg = Debug|Any CPU
		{C2F0FBF8-D909-4626-815C-C420B7EDF97C}.Debug|iPhoneSimulator.Build.0 = Debug|Any CPU
		{C2F0FBF8-D909-4626-815C-C420B7EDF97C}.Debug|iPhoneSimulator.Deploy.0 = Debug|Any CPU
		{C2F0FBF8-D909-4626-815C-C420B7EDF97C}.Debug|x64.ActiveCfg = Debug|Any CPU
		{C2F0FBF8-D909-4626-815C-C420B7EDF97C}.Debug|x64.Build.0 = Debug|Any CPU
		{C2F0FBF8-D909-4626-815C-C420B7EDF97C}.Debug|x64.Deploy.0 = Debug|Any CPU
		{C2F0FBF8-D909-4626-815C-C420B7EDF97C}.Debug|x86.ActiveCfg = Debug|Any CPU
		{C2F0FBF8-D909-4626-815C-C420B7EDF97C}.Debug|x86.Build.0 = Debug|Any CPU
		{C2F0FBF8-D909-4626-815C-C420B7EDF97C}.Debug|x86.Deploy.0 = Debug|Any CPU
		{C2F0FBF8-D909-4626-815C-C420B7EDF97C}.Release|Any CPU.ActiveCfg = Release|Any CPU
		{C2F0FBF8-D909-4626-815C-C420B7EDF97C}.Release|Any CPU.Build.0 = Release|Any CPU
		{C2F0FBF8-D909-4626-815C-C420B7EDF97C}.Release|Any CPU.Deploy.0 = Release|Any CPU
		{C2F0FBF8-D909-4626-815C-C420B7EDF97C}.Release|ARM.ActiveCfg = Release|Any CPU
		{C2F0FBF8-D909-4626-815C-C420B7EDF97C}.Release|ARM.Build.0 = Release|Any CPU
		{C2F0FBF8-D909-4626-815C-C420B7EDF97C}.Release|ARM.Deploy.0 = Release|Any CPU
		{C2F0FBF8-D909-4626-815C-C420B7EDF97C}.Release|iPhone.ActiveCfg = Release|Any CPU
		{C2F0FBF8-D909-4626-815C-C420B7EDF97C}.Release|iPhone.Build.0 = Release|Any CPU
		{C2F0FBF8-D909-4626-815C-C420B7EDF97C}.Release|iPhone.Deploy.0 = Release|Any CPU
		{C2F0FBF8-D909-4626-815C-C420B7EDF97C}.Release|iPhoneSimulator.ActiveCfg = Release|Any CPU
		{C2F0FBF8-D909-4626-815C-C420B7EDF97C}.Release|iPhoneSimulator.Build.0 = Release|Any CPU
		{C2F0FBF8-D909-4626-815C-C420B7EDF97C}.Release|iPhoneSimulator.Deploy.0 = Release|Any CPU
		{C2F0FBF8-D909-4626-815C-C420B7EDF97C}.Release|x64.ActiveCfg = Release|Any CPU
		{C2F0FBF8-D909-4626-815C-C420B7EDF97C}.Release|x64.Build.0 = Release|Any CPU
		{C2F0FBF8-D909-4626-815C-C420B7EDF97C}.Release|x64.Deploy.0 = Release|Any CPU
		{C2F0FBF8-D909-4626-815C-C420B7EDF97C}.Release|x86.ActiveCfg = Release|Any CPU
		{C2F0FBF8-D909-4626-815C-C420B7EDF97C}.Release|x86.Build.0 = Release|Any CPU
		{C2F0FBF8-D909-4626-815C-C420B7EDF97C}.Release|x86.Deploy.0 = Release|Any CPU
		{1135DD73-AA1C-47EC-A23E-112B8A0994EE}.Debug|Any CPU.ActiveCfg = Debug|iPhoneSimulator
		{1135DD73-AA1C-47EC-A23E-112B8A0994EE}.Debug|Any CPU.Build.0 = Debug|iPhoneSimulator
		{1135DD73-AA1C-47EC-A23E-112B8A0994EE}.Debug|Any CPU.Deploy.0 = Debug|iPhoneSimulator
		{1135DD73-AA1C-47EC-A23E-112B8A0994EE}.Debug|ARM.ActiveCfg = Debug|iPhone
		{1135DD73-AA1C-47EC-A23E-112B8A0994EE}.Debug|ARM.Build.0 = Debug|iPhone
		{1135DD73-AA1C-47EC-A23E-112B8A0994EE}.Debug|ARM.Deploy.0 = Debug|iPhone
		{1135DD73-AA1C-47EC-A23E-112B8A0994EE}.Debug|iPhone.ActiveCfg = Debug|iPhone
		{1135DD73-AA1C-47EC-A23E-112B8A0994EE}.Debug|iPhone.Build.0 = Debug|iPhone
		{1135DD73-AA1C-47EC-A23E-112B8A0994EE}.Debug|iPhone.Deploy.0 = Debug|iPhone
		{1135DD73-AA1C-47EC-A23E-112B8A0994EE}.Debug|iPhoneSimulator.ActiveCfg = Debug|iPhoneSimulator
		{1135DD73-AA1C-47EC-A23E-112B8A0994EE}.Debug|iPhoneSimulator.Build.0 = Debug|iPhoneSimulator
		{1135DD73-AA1C-47EC-A23E-112B8A0994EE}.Debug|iPhoneSimulator.Deploy.0 = Debug|iPhoneSimulator
		{1135DD73-AA1C-47EC-A23E-112B8A0994EE}.Debug|x64.ActiveCfg = Debug|iPhoneSimulator
		{1135DD73-AA1C-47EC-A23E-112B8A0994EE}.Debug|x64.Build.0 = Debug|iPhoneSimulator
		{1135DD73-AA1C-47EC-A23E-112B8A0994EE}.Debug|x64.Deploy.0 = Debug|iPhoneSimulator
		{1135DD73-AA1C-47EC-A23E-112B8A0994EE}.Debug|x86.ActiveCfg = Debug|iPhoneSimulator
		{1135DD73-AA1C-47EC-A23E-112B8A0994EE}.Debug|x86.Build.0 = Debug|iPhoneSimulator
		{1135DD73-AA1C-47EC-A23E-112B8A0994EE}.Debug|x86.Deploy.0 = Debug|iPhoneSimulator
		{1135DD73-AA1C-47EC-A23E-112B8A0994EE}.Release|Any CPU.ActiveCfg = Release|iPhoneSimulator
		{1135DD73-AA1C-47EC-A23E-112B8A0994EE}.Release|Any CPU.Build.0 = Release|iPhoneSimulator
		{1135DD73-AA1C-47EC-A23E-112B8A0994EE}.Release|Any CPU.Deploy.0 = Release|iPhoneSimulator
		{1135DD73-AA1C-47EC-A23E-112B8A0994EE}.Release|ARM.ActiveCfg = Release|iPhoneSimulator
		{1135DD73-AA1C-47EC-A23E-112B8A0994EE}.Release|ARM.Build.0 = Release|iPhoneSimulator
		{1135DD73-AA1C-47EC-A23E-112B8A0994EE}.Release|ARM.Deploy.0 = Release|iPhoneSimulator
		{1135DD73-AA1C-47EC-A23E-112B8A0994EE}.Release|iPhone.ActiveCfg = Release|iPhone
		{1135DD73-AA1C-47EC-A23E-112B8A0994EE}.Release|iPhone.Build.0 = Release|iPhone
		{1135DD73-AA1C-47EC-A23E-112B8A0994EE}.Release|iPhone.Deploy.0 = Release|iPhone
		{1135DD73-AA1C-47EC-A23E-112B8A0994EE}.Release|iPhoneSimulator.ActiveCfg = Release|iPhoneSimulator
		{1135DD73-AA1C-47EC-A23E-112B8A0994EE}.Release|iPhoneSimulator.Build.0 = Release|iPhoneSimulator
		{1135DD73-AA1C-47EC-A23E-112B8A0994EE}.Release|iPhoneSimulator.Deploy.0 = Release|iPhoneSimulator
		{1135DD73-AA1C-47EC-A23E-112B8A0994EE}.Release|x64.ActiveCfg = Release|iPhoneSimulator
		{1135DD73-AA1C-47EC-A23E-112B8A0994EE}.Release|x64.Build.0 = Release|iPhoneSimulator
		{1135DD73-AA1C-47EC-A23E-112B8A0994EE}.Release|x64.Deploy.0 = Release|iPhoneSimulator
		{1135DD73-AA1C-47EC-A23E-112B8A0994EE}.Release|x86.ActiveCfg = Release|iPhoneSimulator
		{1135DD73-AA1C-47EC-A23E-112B8A0994EE}.Release|x86.Build.0 = Release|iPhoneSimulator
		{1135DD73-AA1C-47EC-A23E-112B8A0994EE}.Release|x86.Deploy.0 = Release|iPhoneSimulator
		{D6B5BBE9-0897-49AC-90E3-B477627D1BB9}.Debug|Any CPU.ActiveCfg = Debug|Any CPU
		{D6B5BBE9-0897-49AC-90E3-B477627D1BB9}.Debug|Any CPU.Build.0 = Debug|Any CPU
		{D6B5BBE9-0897-49AC-90E3-B477627D1BB9}.Debug|Any CPU.Deploy.0 = Debug|Any CPU
		{D6B5BBE9-0897-49AC-90E3-B477627D1BB9}.Debug|ARM.ActiveCfg = Debug|Any CPU
		{D6B5BBE9-0897-49AC-90E3-B477627D1BB9}.Debug|ARM.Build.0 = Debug|Any CPU
		{D6B5BBE9-0897-49AC-90E3-B477627D1BB9}.Debug|ARM.Deploy.0 = Debug|Any CPU
		{D6B5BBE9-0897-49AC-90E3-B477627D1BB9}.Debug|iPhone.ActiveCfg = Debug|Any CPU
		{D6B5BBE9-0897-49AC-90E3-B477627D1BB9}.Debug|iPhone.Build.0 = Debug|Any CPU
		{D6B5BBE9-0897-49AC-90E3-B477627D1BB9}.Debug|iPhone.Deploy.0 = Debug|Any CPU
		{D6B5BBE9-0897-49AC-90E3-B477627D1BB9}.Debug|iPhoneSimulator.ActiveCfg = Debug|Any CPU
		{D6B5BBE9-0897-49AC-90E3-B477627D1BB9}.Debug|iPhoneSimulator.Build.0 = Debug|Any CPU
		{D6B5BBE9-0897-49AC-90E3-B477627D1BB9}.Debug|iPhoneSimulator.Deploy.0 = Debug|Any CPU
		{D6B5BBE9-0897-49AC-90E3-B477627D1BB9}.Debug|x64.ActiveCfg = Debug|Any CPU
		{D6B5BBE9-0897-49AC-90E3-B477627D1BB9}.Debug|x64.Build.0 = Debug|Any CPU
		{D6B5BBE9-0897-49AC-90E3-B477627D1BB9}.Debug|x64.Deploy.0 = Debug|Any CPU
		{D6B5BBE9-0897-49AC-90E3-B477627D1BB9}.Debug|x86.ActiveCfg = Debug|Any CPU
		{D6B5BBE9-0897-49AC-90E3-B477627D1BB9}.Debug|x86.Build.0 = Debug|Any CPU
		{D6B5BBE9-0897-49AC-90E3-B477627D1BB9}.Debug|x86.Deploy.0 = Debug|Any CPU
		{D6B5BBE9-0897-49AC-90E3-B477627D1BB9}.Release|Any CPU.ActiveCfg = Release|Any CPU
		{D6B5BBE9-0897-49AC-90E3-B477627D1BB9}.Release|Any CPU.Build.0 = Release|Any CPU
		{D6B5BBE9-0897-49AC-90E3-B477627D1BB9}.Release|Any CPU.Deploy.0 = Release|Any CPU
		{D6B5BBE9-0897-49AC-90E3-B477627D1BB9}.Release|ARM.ActiveCfg = Release|Any CPU
		{D6B5BBE9-0897-49AC-90E3-B477627D1BB9}.Release|ARM.Build.0 = Release|Any CPU
		{D6B5BBE9-0897-49AC-90E3-B477627D1BB9}.Release|ARM.Deploy.0 = Release|Any CPU
		{D6B5BBE9-0897-49AC-90E3-B477627D1BB9}.Release|iPhone.ActiveCfg = Release|Any CPU
		{D6B5BBE9-0897-49AC-90E3-B477627D1BB9}.Release|iPhone.Build.0 = Release|Any CPU
		{D6B5BBE9-0897-49AC-90E3-B477627D1BB9}.Release|iPhone.Deploy.0 = Release|Any CPU
		{D6B5BBE9-0897-49AC-90E3-B477627D1BB9}.Release|iPhoneSimulator.ActiveCfg = Release|Any CPU
		{D6B5BBE9-0897-49AC-90E3-B477627D1BB9}.Release|iPhoneSimulator.Build.0 = Release|Any CPU
		{D6B5BBE9-0897-49AC-90E3-B477627D1BB9}.Release|iPhoneSimulator.Deploy.0 = Release|Any CPU
		{D6B5BBE9-0897-49AC-90E3-B477627D1BB9}.Release|x64.ActiveCfg = Release|Any CPU
		{D6B5BBE9-0897-49AC-90E3-B477627D1BB9}.Release|x64.Build.0 = Release|Any CPU
		{D6B5BBE9-0897-49AC-90E3-B477627D1BB9}.Release|x64.Deploy.0 = Release|Any CPU
		{D6B5BBE9-0897-49AC-90E3-B477627D1BB9}.Release|x86.ActiveCfg = Release|Any CPU
		{D6B5BBE9-0897-49AC-90E3-B477627D1BB9}.Release|x86.Build.0 = Release|Any CPU
		{D6B5BBE9-0897-49AC-90E3-B477627D1BB9}.Release|x86.Deploy.0 = Release|Any CPU
	EndGlobalSection
	GlobalSection(SolutionProperties) = preSolution
		HideSolutionNode = FALSE
	EndGlobalSection
	GlobalSection(ExtensibilityGlobals) = postSolution
		SolutionGuid = {BD88D0A4-1812-4CD6-9FA6-0F097AF1C415}
	EndGlobalSection
EndGlobal
